
Microsoft Visual Studio Solution File, Format Version 12.00
# Visual Studio Version 16
VisualStudioVersion = 16.0.31019.35
MinimumVisualStudioVersion = 10.0.40219.1
Project("{FAE04EC0-301F-11D3-BF4B-00C04F79EFBC}") = "Project.20210303.0022", "Project.20210303.0022.csproj", "{F3DF9BE6-92BF-4D9B-83AD-ECE53BB416B1}"
EndProject
Global
	GlobalSection(SolutionConfigurationPlatforms) = preSolution
		Debug|Any CPU = Debug|Any CPU
		Release|Any CPU = Release|Any CPU
	EndGlobalSection
	GlobalSection(ProjectConfigurationPlatforms) = postSolution
		{F3DF9BE6-92BF-4D9B-83AD-ECE53BB416B1}.Debug|Any CPU.ActiveCfg = Debug|Any CPU
		{F3DF9BE6-92BF-4D9B-83AD-ECE53BB416B1}.Debug|Any CPU.Build.0 = Debug|Any CPU
		{F3DF9BE6-92BF-4D9B-83AD-ECE53BB416B1}.Release|Any CPU.ActiveCfg = Release|Any CPU
		{F3DF9BE6-92BF-4D9B-83AD-ECE53BB416B1}.Release|Any CPU.Build.0 = Release|Any CPU
	EndGlobalSection
	GlobalSection(SolutionProperties) = preSolution
		HideSolutionNode = FALSE
	EndGlobalSection
	GlobalSection(ExtensibilityGlobals) = postSolution
		SolutionGuid = {EE287CE4-E698-4918-980E-6474004C108F}
	EndGlobalSection
EndGlobal
